// !$*UTF8*$!
{
	archiveVersion = 1;
	classes = {
	};
	objectVersion = 50;
	objects = {

/* Begin PBXBuildFile section */
		2E0CC27820D2B0B800FD6C1C /* Main.storyboard in Resources */ = {isa = PBXBuildFile; fileRef = 2E0CC27720D2B0B800FD6C1C /* Main.storyboard */; };
		2E6FA2D520D277D500069ACD /* CategoryViewModel.swift in Sources */ = {isa = PBXBuildFile; fileRef = 2E6FA2C020D277D500069ACD /* CategoryViewModel.swift */; };
		2E6FA2D620D277D500069ACD /* CategoryViewController.swift in Sources */ = {isa = PBXBuildFile; fileRef = 2E6FA2C120D277D500069ACD /* CategoryViewController.swift */; };
		2E6FA2D720D277D500069ACD /* PinkFlowerViewModel.swift in Sources */ = {isa = PBXBuildFile; fileRef = 2E6FA2C520D277D500069ACD /* PinkFlowerViewModel.swift */; };
		2E6FA2D820D277D500069ACD /* WhiteFlowerViewModel.swift in Sources */ = {isa = PBXBuildFile; fileRef = 2E6FA2C620D277D500069ACD /* WhiteFlowerViewModel.swift */; };
		2E6FA2D920D277D500069ACD /* BluePurpleFlowerViewModel.swift in Sources */ = {isa = PBXBuildFile; fileRef = 2E6FA2C720D277D500069ACD /* BluePurpleFlowerViewModel.swift */; };
		2E6FA2DA20D277D500069ACD /* CardViewModel.swift in Sources */ = {isa = PBXBuildFile; fileRef = 2E6FA2C920D277D500069ACD /* CardViewModel.swift */; };
		2E6FA2DB20D277D500069ACD /* BluePurpleFlowerCell.swift in Sources */ = {isa = PBXBuildFile; fileRef = 2E6FA2CB20D277D500069ACD /* BluePurpleFlowerCell.swift */; };
		2E6FA2DC20D277D500069ACD /* WhiteFlowerCell.swift in Sources */ = {isa = PBXBuildFile; fileRef = 2E6FA2CC20D277D500069ACD /* WhiteFlowerCell.swift */; };
		2E6FA2DD20D277D500069ACD /* PinkFlowerCell.swift in Sources */ = {isa = PBXBuildFile; fileRef = 2E6FA2CD20D277D500069ACD /* PinkFlowerCell.swift */; };
		2E6FA2DE20D277D500069ACD /* BluePurpleFlowerRowCard.swift in Sources */ = {isa = PBXBuildFile; fileRef = 2E6FA2D020D277D500069ACD /* BluePurpleFlowerRowCard.swift */; };
		2E6FA2DF20D277D500069ACD /* PinkFlowerRowCard.swift in Sources */ = {isa = PBXBuildFile; fileRef = 2E6FA2D120D277D500069ACD /* PinkFlowerRowCard.swift */; };
		2E6FA2E020D277D500069ACD /* WhiteFlowerRowCard.swift in Sources */ = {isa = PBXBuildFile; fileRef = 2E6FA2D220D277D500069ACD /* WhiteFlowerRowCard.swift */; };
		2E6FA2E120D277D500069ACD /* BaseRowCard.swift in Sources */ = {isa = PBXBuildFile; fileRef = 2E6FA2D420D277D500069ACD /* BaseRowCard.swift */; };
		2EDA73AC20C7B16A00399B42 /* AppDelegate.swift in Sources */ = {isa = PBXBuildFile; fileRef = 2EDA73AB20C7B16A00399B42 /* AppDelegate.swift */; };
		2EDA73B320C7B16C00399B42 /* Assets.xcassets in Resources */ = {isa = PBXBuildFile; fileRef = 2EDA73B220C7B16C00399B42 /* Assets.xcassets */; };
		2EDA73B620C7B16C00399B42 /* LaunchScreen.storyboard in Resources */ = {isa = PBXBuildFile; fileRef = 2EDA73B420C7B16C00399B42 /* LaunchScreen.storyboard */; };
		2EDA73C120C7B16C00399B42 /* swipeCardsTemplateTests.swift in Sources */ = {isa = PBXBuildFile; fileRef = 2EDA73C020C7B16C00399B42 /* swipeCardsTemplateTests.swift */; };
/* End PBXBuildFile section */

/* Begin PBXContainerItemProxy section */
		2EDA73BD20C7B16C00399B42 /* PBXContainerItemProxy */ = {
			isa = PBXContainerItemProxy;
			containerPortal = 2EDA73A020C7B16A00399B42 /* Project object */;
			proxyType = 1;
			remoteGlobalIDString = 2EDA73A720C7B16A00399B42;
			remoteInfo = swipeCardsTemplate;
		};
/* End PBXContainerItemProxy section */

/* Begin PBXFileReference section */
		2E0CC27720D2B0B800FD6C1C /* Main.storyboard */ = {isa = PBXFileReference; fileEncoding = 4; lastKnownFileType = file.storyboard; path = Main.storyboard; sourceTree = "<group>"; };
		2E6FA2C020D277D500069ACD /* CategoryViewModel.swift */ = {isa = PBXFileReference; fileEncoding = 4; lastKnownFileType = sourcecode.swift; path = CategoryViewModel.swift; sourceTree = "<group>"; };
		2E6FA2C120D277D500069ACD /* CategoryViewController.swift */ = {isa = PBXFileReference; fileEncoding = 4; lastKnownFileType = sourcecode.swift; path = CategoryViewController.swift; sourceTree = "<group>"; };
		2E6FA2C520D277D500069ACD /* PinkFlowerViewModel.swift */ = {isa = PBXFileReference; fileEncoding = 4; lastKnownFileType = sourcecode.swift; path = PinkFlowerViewModel.swift; sourceTree = "<group>"; };
		2E6FA2C620D277D500069ACD /* WhiteFlowerViewModel.swift */ = {isa = PBXFileReference; fileEncoding = 4; lastKnownFileType = sourcecode.swift; path = WhiteFlowerViewModel.swift; sourceTree = "<group>"; };
		2E6FA2C720D277D500069ACD /* BluePurpleFlowerViewModel.swift */ = {isa = PBXFileReference; fileEncoding = 4; lastKnownFileType = sourcecode.swift; path = BluePurpleFlowerViewModel.swift; sourceTree = "<group>"; };
		2E6FA2C920D277D500069ACD /* CardViewModel.swift */ = {isa = PBXFileReference; fileEncoding = 4; lastKnownFileType = sourcecode.swift; path = CardViewModel.swift; sourceTree = "<group>"; };
		2E6FA2CB20D277D500069ACD /* BluePurpleFlowerCell.swift */ = {isa = PBXFileReference; fileEncoding = 4; lastKnownFileType = sourcecode.swift; path = BluePurpleFlowerCell.swift; sourceTree = "<group>"; };
		2E6FA2CC20D277D500069ACD /* WhiteFlowerCell.swift */ = {isa = PBXFileReference; fileEncoding = 4; lastKnownFileType = sourcecode.swift; path = WhiteFlowerCell.swift; sourceTree = "<group>"; };
		2E6FA2CD20D277D500069ACD /* PinkFlowerCell.swift */ = {isa = PBXFileReference; fileEncoding = 4; lastKnownFileType = sourcecode.swift; path = PinkFlowerCell.swift; sourceTree = "<group>"; };
		2E6FA2D020D277D500069ACD /* BluePurpleFlowerRowCard.swift */ = {isa = PBXFileReference; fileEncoding = 4; lastKnownFileType = sourcecode.swift; path = BluePurpleFlowerRowCard.swift; sourceTree = "<group>"; };
		2E6FA2D120D277D500069ACD /* PinkFlowerRowCard.swift */ = {isa = PBXFileReference; fileEncoding = 4; lastKnownFileType = sourcecode.swift; path = PinkFlowerRowCard.swift; sourceTree = "<group>"; };
		2E6FA2D220D277D500069ACD /* WhiteFlowerRowCard.swift */ = {isa = PBXFileReference; fileEncoding = 4; lastKnownFileType = sourcecode.swift; path = WhiteFlowerRowCard.swift; sourceTree = "<group>"; };
		2E6FA2D420D277D500069ACD /* BaseRowCard.swift */ = {isa = PBXFileReference; fileEncoding = 4; lastKnownFileType = sourcecode.swift; path = BaseRowCard.swift; sourceTree = "<group>"; };
		2EDA73A820C7B16A00399B42 /* swipeCardsTemplate.app */ = {isa = PBXFileReference; explicitFileType = wrapper.application; includeInIndex = 0; path = swipeCardsTemplate.app; sourceTree = BUILT_PRODUCTS_DIR; };
		2EDA73AB20C7B16A00399B42 /* AppDelegate.swift */ = {isa = PBXFileReference; lastKnownFileType = sourcecode.swift; path = AppDelegate.swift; sourceTree = "<group>"; };
		2EDA73B220C7B16C00399B42 /* Assets.xcassets */ = {isa = PBXFileReference; lastKnownFileType = folder.assetcatalog; path = Assets.xcassets; sourceTree = "<group>"; };
		2EDA73B520C7B16C00399B42 /* Base */ = {isa = PBXFileReference; lastKnownFileType = file.storyboard; name = Base; path = Base.lproj/LaunchScreen.storyboard; sourceTree = "<group>"; };
		2EDA73B720C7B16C00399B42 /* Info.plist */ = {isa = PBXFileReference; lastKnownFileType = text.plist.xml; path = Info.plist; sourceTree = "<group>"; };
		2EDA73BC20C7B16C00399B42 /* swipeCardsTemplateTests.xctest */ = {isa = PBXFileReference; explicitFileType = wrapper.cfbundle; includeInIndex = 0; path = swipeCardsTemplateTests.xctest; sourceTree = BUILT_PRODUCTS_DIR; };
		2EDA73C020C7B16C00399B42 /* swipeCardsTemplateTests.swift */ = {isa = PBXFileReference; lastKnownFileType = sourcecode.swift; path = swipeCardsTemplateTests.swift; sourceTree = "<group>"; };
		2EDA73C220C7B16C00399B42 /* Info.plist */ = {isa = PBXFileReference; lastKnownFileType = text.plist.xml; path = Info.plist; sourceTree = "<group>"; };
/* End PBXFileReference section */

/* Begin PBXFrameworksBuildPhase section */
		2EDA73A520C7B16A00399B42 /* Frameworks */ = {
			isa = PBXFrameworksBuildPhase;
			buildActionMask = 2147483647;
			files = (
			);
			runOnlyForDeploymentPostprocessing = 0;
		};
		2EDA73B920C7B16C00399B42 /* Frameworks */ = {
			isa = PBXFrameworksBuildPhase;
			buildActionMask = 2147483647;
			files = (
			);
			runOnlyForDeploymentPostprocessing = 0;
		};
/* End PBXFrameworksBuildPhase section */

/* Begin PBXGroup section */
		2E6FA2BF20D277D500069ACD /* CategoryList */ = {
			isa = PBXGroup;
			children = (
				2E6FA2C120D277D500069ACD /* CategoryViewController.swift */,
				2E6FA2C020D277D500069ACD /* CategoryViewModel.swift */,
			);
			path = CategoryList;
			sourceTree = "<group>";
		};
		2E6FA2C220D277D500069ACD /* CardGallery */ = {
			isa = PBXGroup;
			children = (
				2E6FA2CE20D277D500069ACD /* TableCell */,
				2E6FA2CA20D277D500069ACD /* CollectionCell */,
				2E6FA2C320D277D500069ACD /* ViewModel */,
				2E6FA2E320D2782D00069ACD /* Model */,
			);
			path = CardGallery;
			sourceTree = "<group>";
		};
		2E6FA2C320D277D500069ACD /* ViewModel */ = {
			isa = PBXGroup;
			children = (
				2E6FA2C820D277D500069ACD /* Base */,
				2E6FA2C420D277D500069ACD /* Custom */,
			);
			path = ViewModel;
			sourceTree = "<group>";
		};
		2E6FA2C420D277D500069ACD /* Custom */ = {
			isa = PBXGroup;
			children = (
				2E6FA2C720D277D500069ACD /* BluePurpleFlowerViewModel.swift */,
				2E6FA2C520D277D500069ACD /* PinkFlowerViewModel.swift */,
				2E6FA2C620D277D500069ACD /* WhiteFlowerViewModel.swift */,
			);
			path = Custom;
			sourceTree = "<group>";
		};
		2E6FA2C820D277D500069ACD /* Base */ = {
			isa = PBXGroup;
			children = (
				2E6FA2C920D277D500069ACD /* CardViewModel.swift */,
			);
			path = Base;
			sourceTree = "<group>";
		};
		2E6FA2CA20D277D500069ACD /* CollectionCell */ = {
			isa = PBXGroup;
			children = (
				2E6FA2CB20D277D500069ACD /* BluePurpleFlowerCell.swift */,
				2E6FA2CD20D277D500069ACD /* PinkFlowerCell.swift */,
				2E6FA2CC20D277D500069ACD /* WhiteFlowerCell.swift */,
			);
			path = CollectionCell;
			sourceTree = "<group>";
		};
		2E6FA2CE20D277D500069ACD /* TableCell */ = {
			isa = PBXGroup;
			children = (
				2E6FA2D320D277D500069ACD /* Base */,
				2E6FA2CF20D277D500069ACD /* Custom */,
			);
			path = TableCell;
			sourceTree = "<group>";
		};
		2E6FA2CF20D277D500069ACD /* Custom */ = {
			isa = PBXGroup;
			children = (
				2E6FA2D020D277D500069ACD /* BluePurpleFlowerRowCard.swift */,
				2E6FA2D120D277D500069ACD /* PinkFlowerRowCard.swift */,
				2E6FA2D220D277D500069ACD /* WhiteFlowerRowCard.swift */,
			);
			path = Custom;
			sourceTree = "<group>";
		};
		2E6FA2D320D277D500069ACD /* Base */ = {
			isa = PBXGroup;
			children = (
				2E6FA2D420D277D500069ACD /* BaseRowCard.swift */,
			);
			path = Base;
			sourceTree = "<group>";
		};
		2E6FA2E320D2782D00069ACD /* Model */ = {
			isa = PBXGroup;
			children = (
			);
			path = Model;
			sourceTree = "<group>";
		};
		2EDA739F20C7B16A00399B42 = {
			isa = PBXGroup;
			children = (
				2EDA73AA20C7B16A00399B42 /* swipeCardsTemplate */,
				2EDA73BF20C7B16C00399B42 /* swipeCardsTemplateTests */,
				2EDA73A920C7B16A00399B42 /* Products */,
			);
			sourceTree = "<group>";
		};
		2EDA73A920C7B16A00399B42 /* Products */ = {
			isa = PBXGroup;
			children = (
				2EDA73A820C7B16A00399B42 /* swipeCardsTemplate.app */,
				2EDA73BC20C7B16C00399B42 /* swipeCardsTemplateTests.xctest */,
			);
			name = Products;
			sourceTree = "<group>";
		};
		2EDA73AA20C7B16A00399B42 /* swipeCardsTemplate */ = {
			isa = PBXGroup;
			children = (
				2EDA73AB20C7B16A00399B42 /* AppDelegate.swift */,
				2E0CC27720D2B0B800FD6C1C /* Main.storyboard */,
				2E6FA2BF20D277D500069ACD /* CategoryList */,
				2E6FA2C220D277D500069ACD /* CardGallery */,
				2EDA73B220C7B16C00399B42 /* Assets.xcassets */,
				2EDA73B420C7B16C00399B42 /* LaunchScreen.storyboard */,
				2EDA73B720C7B16C00399B42 /* Info.plist */,
			);
			path = swipeCardsTemplate;
			sourceTree = "<group>";
		};
		2EDA73BF20C7B16C00399B42 /* swipeCardsTemplateTests */ = {
			isa = PBXGroup;
			children = (
				2EDA73C020C7B16C00399B42 /* swipeCardsTemplateTests.swift */,
				2EDA73C220C7B16C00399B42 /* Info.plist */,
			);
			path = swipeCardsTemplateTests;
			sourceTree = "<group>";
		};
/* End PBXGroup section */

/* Begin PBXNativeTarget section */
		2EDA73A720C7B16A00399B42 /* swipeCardsTemplate */ = {
			isa = PBXNativeTarget;
			buildConfigurationList = 2EDA73C520C7B16C00399B42 /* Build configuration list for PBXNativeTarget "swipeCardsTemplate" */;
			buildPhases = (
				2EDA73A420C7B16A00399B42 /* Sources */,
				2EDA73A520C7B16A00399B42 /* Frameworks */,
				2EDA73A620C7B16A00399B42 /* Resources */,
			);
			buildRules = (
			);
			dependencies = (
			);
			name = swipeCardsTemplate;
			productName = swipeCardsTemplate;
			productReference = 2EDA73A820C7B16A00399B42 /* swipeCardsTemplate.app */;
			productType = "com.apple.product-type.application";
		};
		2EDA73BB20C7B16C00399B42 /* swipeCardsTemplateTests */ = {
			isa = PBXNativeTarget;
			buildConfigurationList = 2EDA73C820C7B16C00399B42 /* Build configuration list for PBXNativeTarget "swipeCardsTemplateTests" */;
			buildPhases = (
				2EDA73B820C7B16C00399B42 /* Sources */,
				2EDA73B920C7B16C00399B42 /* Frameworks */,
				2EDA73BA20C7B16C00399B42 /* Resources */,
			);
			buildRules = (
			);
			dependencies = (
				2EDA73BE20C7B16C00399B42 /* PBXTargetDependency */,
			);
			name = swipeCardsTemplateTests;
			productName = swipeCardsTemplateTests;
			productReference = 2EDA73BC20C7B16C00399B42 /* swipeCardsTemplateTests.xctest */;
			productType = "com.apple.product-type.bundle.unit-test";
		};
/* End PBXNativeTarget section */

/* Begin PBXProject section */
		2EDA73A020C7B16A00399B42 /* Project object */ = {
			isa = PBXProject;
			attributes = {
				LastSwiftUpdateCheck = 0930;
				LastUpgradeCheck = 0930;
				ORGANIZATIONNAME = Victor;
				TargetAttributes = {
					2EDA73A720C7B16A00399B42 = {
						CreatedOnToolsVersion = 9.3.1;
					};
					2EDA73BB20C7B16C00399B42 = {
						CreatedOnToolsVersion = 9.3.1;
						TestTargetID = 2EDA73A720C7B16A00399B42;
					};
				};
			};
			buildConfigurationList = 2EDA73A320C7B16A00399B42 /* Build configuration list for PBXProject "swipeCardsTemplate" */;
			compatibilityVersion = "Xcode 9.3";
			developmentRegion = en;
			hasScannedForEncodings = 0;
			knownRegions = (
				en,
				Base,
			);
			mainGroup = 2EDA739F20C7B16A00399B42;
			productRefGroup = 2EDA73A920C7B16A00399B42 /* Products */;
			projectDirPath = "";
			projectRoot = "";
			targets = (
				2EDA73A720C7B16A00399B42 /* swipeCardsTemplate */,
				2EDA73BB20C7B16C00399B42 /* swipeCardsTemplateTests */,
			);
		};
/* End PBXProject section */

/* Begin PBXResourcesBuildPhase section */
		2EDA73A620C7B16A00399B42 /* Resources */ = {
			isa = PBXResourcesBuildPhase;
			buildActionMask = 2147483647;
			files = (
				2E0CC27820D2B0B800FD6C1C /* Main.storyboard in Resources */,
				2EDA73B620C7B16C00399B42 /* LaunchScreen.storyboard in Resources */,
				2EDA73B320C7B16C00399B42 /* Assets.xcassets in Resources */,
			);
			runOnlyForDeploymentPostprocessing = 0;
		};
		2EDA73BA20C7B16C00399B42 /* Resources */ = {
			isa = PBXResourcesBuildPhase;
			buildActionMask = 2147483647;
			files = (
			);
			runOnlyForDeploymentPostprocessing = 0;
		};
/* End PBXResourcesBuildPhase section */

/* Begin PBXSourcesBuildPhase section */
		2EDA73A420C7B16A00399B42 /* Sources */ = {
			isa = PBXSourcesBuildPhase;
			buildActionMask = 2147483647;
			files = (
				2E6FA2D820D277D500069ACD /* WhiteFlowerViewModel.swift in Sources */,
				2E6FA2D720D277D500069ACD /* PinkFlowerViewModel.swift in Sources */,
				2E6FA2D920D277D500069ACD /* BluePurpleFlowerViewModel.swift in Sources */,
				2E6FA2D520D277D500069ACD /* CategoryViewModel.swift in Sources */,
				2E6FA2D620D277D500069ACD /* CategoryViewController.swift in Sources */,
				2E6FA2DC20D277D500069ACD /* WhiteFlowerCell.swift in Sources */,
				2EDA73AC20C7B16A00399B42 /* AppDelegate.swift in Sources */,
				2E6FA2DA20D277D500069ACD /* CardViewModel.swift in Sources */,
				2E6FA2E020D277D500069ACD /* WhiteFlowerRowCard.swift in Sources */,
				2E6FA2DB20D277D500069ACD /* BluePurpleFlowerCell.swift in Sources */,
				2E6FA2DE20D277D500069ACD /* BluePurpleFlowerRowCard.swift in Sources */,
				2E6FA2E120D277D500069ACD /* BaseRowCard.swift in Sources */,
				2E6FA2DF20D277D500069ACD /* PinkFlowerRowCard.swift in Sources */,
				2E6FA2DD20D277D500069ACD /* PinkFlowerCell.swift in Sources */,
			);
			runOnlyForDeploymentPostprocessing = 0;
		};
		2EDA73B820C7B16C00399B42 /* Sources */ = {
			isa = PBXSourcesBuildPhase;
			buildActionMask = 2147483647;
			files = (
				2EDA73C120C7B16C00399B42 /* swipeCardsTemplateTests.swift in Sources */,
			);
			runOnlyForDeploymentPostprocessing = 0;
		};
/* End PBXSourcesBuildPhase section */

/* Begin PBXTargetDependency section */
		2EDA73BE20C7B16C00399B42 /* PBXTargetDependency */ = {
			isa = PBXTargetDependency;
			target = 2EDA73A720C7B16A00399B42 /* swipeCardsTemplate */;
			targetProxy = 2EDA73BD20C7B16C00399B42 /* PBXContainerItemProxy */;
		};
/* End PBXTargetDependency section */

/* Begin PBXVariantGroup section */
		2EDA73B420C7B16C00399B42 /* LaunchScreen.storyboard */ = {
			isa = PBXVariantGroup;
			children = (
				2EDA73B520C7B16C00399B42 /* Base */,
			);
			name = LaunchScreen.storyboard;
			sourceTree = "<group>";
		};
/* End PBXVariantGroup section */

/* Begin XCBuildConfiguration section */
		2EDA73C320C7B16C00399B42 /* Debug */ = {
			isa = XCBuildConfiguration;
			buildSettings = {
				ALWAYS_SEARCH_USER_PATHS = NO;
				CLANG_ANALYZER_NONNULL = YES;
				CLANG_ANALYZER_NUMBER_OBJECT_CONVERSION = YES_AGGRESSIVE;
				CLANG_CXX_LANGUAGE_STANDARD = "gnu++14";
				CLANG_CXX_LIBRARY = "libc++";
				CLANG_ENABLE_MODULES = YES;
				CLANG_ENABLE_OBJC_ARC = YES;
				CLANG_ENABLE_OBJC_WEAK = YES;
				CLANG_WARN_BLOCK_CAPTURE_AUTORELEASING = YES;
				CLANG_WARN_BOOL_CONVERSION = YES;
				CLANG_WARN_COMMA = YES;
				CLANG_WARN_CONSTANT_CONVERSION = YES;
				CLANG_WARN_DEPRECATED_OBJC_IMPLEMENTATIONS = YES;
				CLANG_WARN_DIRECT_OBJC_ISA_USAGE = YES_ERROR;
				CLANG_WARN_DOCUMENTATION_COMMENTS = YES;
				CLANG_WARN_EMPTY_BODY = YES;
				CLANG_WARN_ENUM_CONVERSION = YES;
				CLANG_WARN_INFINITE_RECURSION = YES;
				CLANG_WARN_INT_CONVERSION = YES;
				CLANG_WARN_NON_LITERAL_NULL_CONVERSION = YES;
				CLANG_WARN_OBJC_IMPLICIT_RETAIN_SELF = YES;
				CLANG_WARN_OBJC_LITERAL_CONVERSION = YES;
				CLANG_WARN_OBJC_ROOT_CLASS = YES_ERROR;
				CLANG_WARN_RANGE_LOOP_ANALYSIS = YES;
				CLANG_WARN_STRICT_PROTOTYPES = YES;
				CLANG_WARN_SUSPICIOUS_MOVE = YES;
				CLANG_WARN_UNGUARDED_AVAILABILITY = YES_AGGRESSIVE;
				CLANG_WARN_UNREACHABLE_CODE = YES;
				CLANG_WARN__DUPLICATE_METHOD_MATCH = YES;
				CODE_SIGN_IDENTITY = "iPhone Developer";
				COPY_PHASE_STRIP = NO;
				DEBUG_INFORMATION_FORMAT = dwarf;
				ENABLE_STRICT_OBJC_MSGSEND = YES;
				ENABLE_TESTABILITY = YES;
				GCC_C_LANGUAGE_STANDARD = gnu11;
				GCC_DYNAMIC_NO_PIC = NO;
				GCC_NO_COMMON_BLOCKS = YES;
				GCC_OPTIMIZATION_LEVEL = 0;
				GCC_PREPROCESSOR_DEFINITIONS = (
					"DEBUG=1",
					"$(inherited)",
				);
				GCC_WARN_64_TO_32_BIT_CONVERSION = YES;
				GCC_WARN_ABOUT_RETURN_TYPE = YES_ERROR;
				GCC_WARN_UNDECLARED_SELECTOR = YES;
				GCC_WARN_UNINITIALIZED_AUTOS = YES_AGGRESSIVE;
				GCC_WARN_UNUSED_FUNCTION = YES;
				GCC_WARN_UNUSED_VARIABLE = YES;
				IPHONEOS_DEPLOYMENT_TARGET = 11.3;
				MTL_ENABLE_DEBUG_INFO = YES;
				ONLY_ACTIVE_ARCH = YES;
				SDKROOT = iphoneos;
				SWIFT_ACTIVE_COMPILATION_CONDITIONS = DEBUG;
				SWIFT_OPTIMIZATION_LEVEL = "-Onone";
			};
			name = Debug;
		};
		2EDA73C420C7B16C00399B42 /* Release */ = {
			isa = XCBuildConfiguration;
			buildSettings = {
				ALWAYS_SEARCH_USER_PATHS = NO;
				CLANG_ANALYZER_NONNULL = YES;
				CLANG_ANALYZER_NUMBER_OBJECT_CONVERSION = YES_AGGRESSIVE;
				CLANG_CXX_LANGUAGE_STANDARD = "gnu++14";
				CLANG_CXX_LIBRARY = "libc++";
				CLANG_ENABLE_MODULES = YES;
				CLANG_ENABLE_OBJC_ARC = YES;
				CLANG_ENABLE_OBJC_WEAK = YES;
				CLANG_WARN_BLOCK_CAPTURE_AUTORELEASING = YES;
				CLANG_WARN_BOOL_CONVERSION = YES;
				CLANG_WARN_COMMA = YES;
				CLANG_WARN_CONSTANT_CONVERSION = YES;
				CLANG_WARN_DEPRECATED_OBJC_IMPLEMENTATIONS = YES;
				CLANG_WARN_DIRECT_OBJC_ISA_USAGE = YES_ERROR;
				CLANG_WARN_DOCUMENTATION_COMMENTS = YES;
				CLANG_WARN_EMPTY_BODY = YES;
				CLANG_WARN_ENUM_CONVERSION = YES;
				CLANG_WARN_INFINITE_RECURSION = YES;
				CLANG_WARN_INT_CONVERSION = YES;
				CLANG_WARN_NON_LITERAL_NULL_CONVERSION = YES;
				CLANG_WARN_OBJC_IMPLICIT_RETAIN_SELF = YES;
				CLANG_WARN_OBJC_LITERAL_CONVERSION = YES;
				CLANG_WARN_OBJC_ROOT_CLASS = YES_ERROR;
				CLANG_WARN_RANGE_LOOP_ANALYSIS = YES;
				CLANG_WARN_STRICT_PROTOTYPES = YES;
				CLANG_WARN_SUSPICIOUS_MOVE = YES;
				CLANG_WARN_UNGUARDED_AVAILABILITY = YES_AGGRESSIVE;
				CLANG_WARN_UNREACHABLE_CODE = YES;
				CLANG_WARN__DUPLICATE_METHOD_MATCH = YES;
				CODE_SIGN_IDENTITY = "iPhone Developer";
				COPY_PHASE_STRIP = NO;
				DEBUG_INFORMATION_FORMAT = "dwarf-with-dsym";
				ENABLE_NS_ASSERTIONS = NO;
				ENABLE_STRICT_OBJC_MSGSEND = YES;
				GCC_C_LANGUAGE_STANDARD = gnu11;
				GCC_NO_COMMON_BLOCKS = YES;
				GCC_WARN_64_TO_32_BIT_CONVERSION = YES;
				GCC_WARN_ABOUT_RETURN_TYPE = YES_ERROR;
				GCC_WARN_UNDECLARED_SELECTOR = YES;
				GCC_WARN_UNINITIALIZED_AUTOS = YES_AGGRESSIVE;
				GCC_WARN_UNUSED_FUNCTION = YES;
				GCC_WARN_UNUSED_VARIABLE = YES;
				IPHONEOS_DEPLOYMENT_TARGET = 11.3;
				MTL_ENABLE_DEBUG_INFO = NO;
				SDKROOT = iphoneos;
				SWIFT_COMPILATION_MODE = wholemodule;
				SWIFT_OPTIMIZATION_LEVEL = "-O";
				VALIDATE_PRODUCT = YES;
			};
			name = Release;
		};
		2EDA73C620C7B16C00399B42 /* Debug */ = {
			isa = XCBuildConfiguration;
			buildSettings = {
				ASSETCATALOG_COMPILER_APPICON_NAME = AppIcon;
				CODE_SIGN_STYLE = Automatic;
				DEVELOPMENT_TEAM = 74V32NCSPQ;
				INFOPLIST_FILE = swipeCardsTemplate/Info.plist;
				IPHONEOS_DEPLOYMENT_TARGET = 10.0;
				LD_RUNPATH_SEARCH_PATHS = (
					"$(inherited)",
					"@executable_path/Frameworks",
				);
				PRODUCT_BUNDLE_IDENTIFIER = com.Victor.Test.swipeCardsTemplate;
				PRODUCT_NAME = "$(TARGET_NAME)";
				SWIFT_VERSION = 4.0;
				TARGETED_DEVICE_FAMILY = "1,2";
			};
			name = Debug;
		};
		2EDA73C720C7B16C00399B42 /* Release */ = {
			isa = XCBuildConfiguration;
			buildSettings = {
				ASSETCATALOG_COMPILER_APPICON_NAME = AppIcon;
				CODE_SIGN_STYLE = Automatic;
				DEVELOPMENT_TEAM = 74V32NCSPQ;
				INFOPLIST_FILE = swipeCardsTemplate/Info.plist;
				IPHONEOS_DEPLOYMENT_TARGET = 10.0;
				LD_RUNPATH_SEARCH_PATHS = (
					"$(inherited)",
					"@executable_path/Frameworks",
				);
				PRODUCT_BUNDLE_IDENTIFIER = com.Victor.Test.swipeCardsTemplate;
				PRODUCT_NAME = "$(TARGET_NAME)";
				SWIFT_VERSION = 4.0;
				TARGETED_DEVICE_FAMILY = "1,2";
			};
			name = Release;
		};
		2EDA73C920C7B16C00399B42 /* Debug */ = {
			isa = XCBuildConfiguration;
			buildSettings = {
				ALWAYS_EMBED_SWIFT_STANDARD_LIBRARIES = YES;
				BUNDLE_LOADER = "$(TEST_HOST)";
				CODE_SIGN_STYLE = Automatic;
				DEVELOPMENT_TEAM = X3V56BF5AU;
				INFOPLIST_FILE = swipeCardsTemplateTests/Info.plist;
				LD_RUNPATH_SEARCH_PATHS = (
					"$(inherited)",
					"@executable_path/Frameworks",
					"@loader_path/Frameworks",
				);
				PRODUCT_BUNDLE_IDENTIFIER = com.Victor.Test.swipeCardsTemplateTests;
				PRODUCT_NAME = "$(TARGET_NAME)";
				SWIFT_VERSION = 4.0;
				TARGETED_DEVICE_FAMILY = "1,2";
				TEST_HOST = "$(BUILT_PRODUCTS_DIR)/swipeCardsTemplate.app/swipeCardsTemplate";
			};
			name = Debug;
		};
		2EDA73CA20C7B16C00399B42 /* Release */ = {
			isa = XCBuildConfiguration;
			buildSettings = {
				ALWAYS_EMBED_SWIFT_STANDARD_LIBRARIES = YES;
				BUNDLE_LOADER = "$(TEST_HOST)";
				CODE_SIGN_STYLE = Automatic;
				DEVELOPMENT_TEAM = X3V56BF5AU;
				INFOPLIST_FILE = swipeCardsTemplateTests/Info.plist;
				LD_RUNPATH_SEARCH_PATHS = (
					"$(inherited)",
					"@executable_path/Frameworks",
					"@loader_path/Frameworks",
				);
				PRODUCT_BUNDLE_IDENTIFIER = com.Victor.Test.swipeCardsTemplateTests;
				PRODUCT_NAME = "$(TARGET_NAME)";
				SWIFT_VERSION = 4.0;
				TARGETED_DEVICE_FAMILY = "1,2";
				TEST_HOST = "$(BUILT_PRODUCTS_DIR)/swipeCardsTemplate.app/swipeCardsTemplate";
			};
			name = Release;
		};
/* End XCBuildConfiguration section */

/* Begin XCConfigurationList section */
		2EDA73A320C7B16A00399B42 /* Build configuration list for PBXProject "swipeCardsTemplate" */ = {
			isa = XCConfigurationList;
			buildConfigurations = (
				2EDA73C320C7B16C00399B42 /* Debug */,
				2EDA73C420C7B16C00399B42 /* Release */,
			);
			defaultConfigurationIsVisible = 0;
			defaultConfigurationName = Release;
		};
		2EDA73C520C7B16C00399B42 /* Build configuration list for PBXNativeTarget "swipeCardsTemplate" */ = {
			isa = XCConfigurationList;
			buildConfigurations = (
				2EDA73C620C7B16C00399B42 /* Debug */,
				2EDA73C720C7B16C00399B42 /* Release */,
			);
			defaultConfigurationIsVisible = 0;
			defaultConfigurationName = Release;
		};
		2EDA73C820C7B16C00399B42 /* Build configuration list for PBXNativeTarget "swipeCardsTemplateTests" */ = {
			isa = XCConfigurationList;
			buildConfigurations = (
				2EDA73C920C7B16C00399B42 /* Debug */,
				2EDA73CA20C7B16C00399B42 /* Release */,
			);
			defaultConfigurationIsVisible = 0;
			defaultConfigurationName = Release;
		};
/* End XCConfigurationList section */
	};
	rootObject = 2EDA73A020C7B16A00399B42 /* Project object */;
}
